
Microsoft Visual Studio Solution File, Format Version 12.00
# Visual Studio Version 17
VisualStudioVersion = 17.7.34018.315
MinimumVisualStudioVersion = 10.0.40219.1
Project("{FAE04EC0-301F-11D3-BF4B-00C04F79EFBC}") = "Composition", "Composition\Composition.csproj", "{5ECF22D8-094B-47F3-87D0-1C69030C43A9}"
EndProject
Global
	GlobalSection(SolutionConfigurationPlatforms) = preSolution
		Debug|Any CPU = Debug|Any CPU
		Release|Any CPU = Release|Any CPU
	EndGlobalSection
	GlobalSection(ProjectConfigurationPlatforms) = postSolution
		{5ECF22D8-094B-47F3-87D0-1C69030C43A9}.Debug|Any CPU.ActiveCfg = Debug|Any CPU
		{5ECF22D8-094B-47F3-87D0-1C69030C43A9}.Debug|Any CPU.Build.0 = Debug|Any CPU
		{5ECF22D8-094B-47F3-87D0-1C69030C43A9}.Release|Any CPU.ActiveCfg = Release|Any CPU
		{5ECF22D8-094B-47F3-87D0-1C69030C43A9}.Release|Any CPU.Build.0 = Release|Any CPU
	EndGlobalSection
	GlobalSection(SolutionProperties) = preSolution
		HideSolutionNode = FALSE
	EndGlobalSection
	GlobalSection(ExtensibilityGlobals) = postSolution
		SolutionGuid = {4A1A08AC-B216-48E3-BE40-FA96EB70B53C}
	EndGlobalSection
EndGlobal
